
Microsoft Visual Studio Solution File, Format Version 11.00
# Visual Studio 2010
Project("{FAE04EC0-301F-11D3-BF4B-00C04F79EFBC}") = "CH10.UserControls", "CH10.UserControls\CH10.UserControls.csproj", "{0F478DC0-375D-4D7E-AC8A-503059E299E1}"
EndProject
Project("{FAE04EC0-301F-11D3-BF4B-00C04F79EFBC}") = "CH10.TestUserControls", "CH10.TestUserControls\CH10.TestUserControls.csproj", "{E253A2CE-0278-4649-A444-814348C1F811}"
EndProject
Project("{FAE04EC0-301F-11D3-BF4B-00C04F79EFBC}") = "CH10.CustomControls", "CH10.CustomControls\CH10.CustomControls.csproj", "{A18868E0-7385-4B11-8C2D-0CFC6677655C}"
EndProject
Project("{FAE04EC0-301F-11D3-BF4B-00C04F79EFBC}") = "CH10.CustomPanel", "CH10.CustomPanel\CH10.CustomPanel.csproj", "{D6A3F8F8-9071-406E-A4EF-46EEDFCD7C34}"
EndProject
Project("{FAE04EC0-301F-11D3-BF4B-00C04F79EFBC}") = "CH10.CustomRendering", "CH10.CustomRendering\CH10.CustomRendering.csproj", "{5E839516-BD1C-4AA2-8085-354D3623652F}"
EndProject
Project("{FAE04EC0-301F-11D3-BF4B-00C04F79EFBC}") = "CH10.TestCustomControls", "CH10.TestCustomControls\CH10.TestCustomControls.csproj", "{25125AEE-B233-4DBD-BC68-E9A08AF2F04D}"
EndProject
Global
	GlobalSection(SolutionConfigurationPlatforms) = preSolution
		Debug|Any CPU = Debug|Any CPU
		Debug|Mixed Platforms = Debug|Mixed Platforms
		Debug|x86 = Debug|x86
		Release|Any CPU = Release|Any CPU
		Release|Mixed Platforms = Release|Mixed Platforms
		Release|x86 = Release|x86
	EndGlobalSection
	GlobalSection(ProjectConfigurationPlatforms) = postSolution
		{0F478DC0-375D-4D7E-AC8A-503059E299E1}.Debug|Any CPU.ActiveCfg = Debug|Any CPU
		{0F478DC0-375D-4D7E-AC8A-503059E299E1}.Debug|Any CPU.Build.0 = Debug|Any CPU
		{0F478DC0-375D-4D7E-AC8A-503059E299E1}.Debug|Mixed Platforms.ActiveCfg = Debug|Any CPU
		{0F478DC0-375D-4D7E-AC8A-503059E299E1}.Debug|Mixed Platforms.Build.0 = Debug|Any CPU
		{0F478DC0-375D-4D7E-AC8A-503059E299E1}.Debug|x86.ActiveCfg = Debug|Any CPU
		{0F478DC0-375D-4D7E-AC8A-503059E299E1}.Release|Any CPU.ActiveCfg = Release|Any CPU
		{0F478DC0-375D-4D7E-AC8A-503059E299E1}.Release|Any CPU.Build.0 = Release|Any CPU
		{0F478DC0-375D-4D7E-AC8A-503059E299E1}.Release|Mixed Platforms.ActiveCfg = Release|Any CPU
		{0F478DC0-375D-4D7E-AC8A-503059E299E1}.Release|Mixed Platforms.Build.0 = Release|Any CPU
		{0F478DC0-375D-4D7E-AC8A-503059E299E1}.Release|x86.ActiveCfg = Release|Any CPU
		{E253A2CE-0278-4649-A444-814348C1F811}.Debug|Any CPU.ActiveCfg = Debug|x86
		{E253A2CE-0278-4649-A444-814348C1F811}.Debug|Mixed Platforms.ActiveCfg = Debug|x86
		{E253A2CE-0278-4649-A444-814348C1F811}.Debug|Mixed Platforms.Build.0 = Debug|x86
		{E253A2CE-0278-4649-A444-814348C1F811}.Debug|x86.ActiveCfg = Debug|x86
		{E253A2CE-0278-4649-A444-814348C1F811}.Debug|x86.Build.0 = Debug|x86
		{E253A2CE-0278-4649-A444-814348C1F811}.Release|Any CPU.ActiveCfg = Release|x86
		{E253A2CE-0278-4649-A444-814348C1F811}.Release|Mixed Platforms.ActiveCfg = Release|x86
		{E253A2CE-0278-4649-A444-814348C1F811}.Release|Mixed Platforms.Build.0 = Release|x86
		{E253A2CE-0278-4649-A444-814348C1F811}.Release|x86.ActiveCfg = Release|x86
		{E253A2CE-0278-4649-A444-814348C1F811}.Release|x86.Build.0 = Release|x86
		{A18868E0-7385-4B11-8C2D-0CFC6677655C}.Debug|Any CPU.ActiveCfg = Debug|Any CPU
		{A18868E0-7385-4B11-8C2D-0CFC6677655C}.Debug|Any CPU.Build.0 = Debug|Any CPU
		{A18868E0-7385-4B11-8C2D-0CFC6677655C}.Debug|Mixed Platforms.ActiveCfg = Debug|Any CPU
		{A18868E0-7385-4B11-8C2D-0CFC6677655C}.Debug|Mixed Platforms.Build.0 = Debug|Any CPU
		{A18868E0-7385-4B11-8C2D-0CFC6677655C}.Debug|x86.ActiveCfg = Debug|Any CPU
		{A18868E0-7385-4B11-8C2D-0CFC6677655C}.Release|Any CPU.ActiveCfg = Release|Any CPU
		{A18868E0-7385-4B11-8C2D-0CFC6677655C}.Release|Any CPU.Build.0 = Release|Any CPU
		{A18868E0-7385-4B11-8C2D-0CFC6677655C}.Release|Mixed Platforms.ActiveCfg = Release|Any CPU
		{A18868E0-7385-4B11-8C2D-0CFC6677655C}.Release|Mixed Platforms.Build.0 = Release|Any CPU
		{A18868E0-7385-4B11-8C2D-0CFC6677655C}.Release|x86.ActiveCfg = Release|Any CPU
		{D6A3F8F8-9071-406E-A4EF-46EEDFCD7C34}.Debug|Any CPU.ActiveCfg = Debug|x86
		{D6A3F8F8-9071-406E-A4EF-46EEDFCD7C34}.Debug|Mixed Platforms.ActiveCfg = Debug|x86
		{D6A3F8F8-9071-406E-A4EF-46EEDFCD7C34}.Debug|Mixed Platforms.Build.0 = Debug|x86
		{D6A3F8F8-9071-406E-A4EF-46EEDFCD7C34}.Debug|x86.ActiveCfg = Debug|x86
		{D6A3F8F8-9071-406E-A4EF-46EEDFCD7C34}.Debug|x86.Build.0 = Debug|x86
		{D6A3F8F8-9071-406E-A4EF-46EEDFCD7C34}.Release|Any CPU.ActiveCfg = Release|x86
		{D6A3F8F8-9071-406E-A4EF-46EEDFCD7C34}.Release|Mixed Platforms.ActiveCfg = Release|x86
		{D6A3F8F8-9071-406E-A4EF-46EEDFCD7C34}.Release|Mixed Platforms.Build.0 = Release|x86
		{D6A3F8F8-9071-406E-A4EF-46EEDFCD7C34}.Release|x86.ActiveCfg = Release|x86
		{D6A3F8F8-9071-406E-A4EF-46EEDFCD7C34}.Release|x86.Build.0 = Release|x86
		{5E839516-BD1C-4AA2-8085-354D3623652F}.Debug|Any CPU.ActiveCfg = Debug|x86
		{5E839516-BD1C-4AA2-8085-354D3623652F}.Debug|Mixed Platforms.ActiveCfg = Debug|x86
		{5E839516-BD1C-4AA2-8085-354D3623652F}.Debug|Mixed Platforms.Build.0 = Debug|x86
		{5E839516-BD1C-4AA2-8085-354D3623652F}.Debug|x86.ActiveCfg = Debug|x86
		{5E839516-BD1C-4AA2-8085-354D3623652F}.Debug|x86.Build.0 = Debug|x86
		{5E839516-BD1C-4AA2-8085-354D3623652F}.Release|Any CPU.ActiveCfg = Release|x86
		{5E839516-BD1C-4AA2-8085-354D3623652F}.Release|Mixed Platforms.ActiveCfg = Release|x86
		{5E839516-BD1C-4AA2-8085-354D3623652F}.Release|Mixed Platforms.Build.0 = Release|x86
		{5E839516-BD1C-4AA2-8085-354D3623652F}.Release|x86.ActiveCfg = Release|x86
		{5E839516-BD1C-4AA2-8085-354D3623652F}.Release|x86.Build.0 = Release|x86
		{25125AEE-B233-4DBD-BC68-E9A08AF2F04D}.Debug|Any CPU.ActiveCfg = Debug|x86
		{25125AEE-B233-4DBD-BC68-E9A08AF2F04D}.Debug|Mixed Platforms.ActiveCfg = Debug|x86
		{25125AEE-B233-4DBD-BC68-E9A08AF2F04D}.Debug|Mixed Platforms.Build.0 = Debug|x86
		{25125AEE-B233-4DBD-BC68-E9A08AF2F04D}.Debug|x86.ActiveCfg = Debug|x86
		{25125AEE-B233-4DBD-BC68-E9A08AF2F04D}.Debug|x86.Build.0 = Debug|x86
		{25125AEE-B233-4DBD-BC68-E9A08AF2F04D}.Release|Any CPU.ActiveCfg = Release|x86
		{25125AEE-B233-4DBD-BC68-E9A08AF2F04D}.Release|Mixed Platforms.ActiveCfg = Release|x86
		{25125AEE-B233-4DBD-BC68-E9A08AF2F04D}.Release|Mixed Platforms.Build.0 = Release|x86
		{25125AEE-B233-4DBD-BC68-E9A08AF2F04D}.Release|x86.ActiveCfg = Release|x86
		{25125AEE-B233-4DBD-BC68-E9A08AF2F04D}.Release|x86.Build.0 = Release|x86
	EndGlobalSection
	GlobalSection(SolutionProperties) = preSolution
		HideSolutionNode = FALSE
	EndGlobalSection
EndGlobal
