
Microsoft Visual Studio Solution File, Format Version 12.00
# Visual Studio 2012
Project("{FAE04EC0-301F-11D3-BF4B-00C04F79EFBC}") = "CH06.LiveShaping", "CH06.LiveShaping\CH06.LiveShaping.csproj", "{009CC340-E769-4093-8011-A6768C2D09E7}"
EndProject
Global
	GlobalSection(SolutionConfigurationPlatforms) = preSolution
		Debug|Any CPU = Debug|Any CPU
		Release|Any CPU = Release|Any CPU
	EndGlobalSection
	GlobalSection(ProjectConfigurationPlatforms) = postSolution
		{009CC340-E769-4093-8011-A6768C2D09E7}.Debug|Any CPU.ActiveCfg = Debug|Any CPU
		{009CC340-E769-4093-8011-A6768C2D09E7}.Debug|Any CPU.Build.0 = Debug|Any CPU
		{009CC340-E769-4093-8011-A6768C2D09E7}.Release|Any CPU.ActiveCfg = Release|Any CPU
		{009CC340-E769-4093-8011-A6768C2D09E7}.Release|Any CPU.Build.0 = Release|Any CPU
	EndGlobalSection
	GlobalSection(SolutionProperties) = preSolution
		HideSolutionNode = FALSE
	EndGlobalSection
EndGlobal
